
Microsoft Visual Studio Solution File, Format Version 12.00
# Visual Studio 15
VisualStudioVersion = 15.0.25428.1
MinimumVisualStudioVersion = 10.0.40219.1
Project("{FAE04EC0-301F-11D3-BF4B-00C04F79EFBC}") = "HVR", "HVR\HVR.csproj", "{DF8E15DE-FE4E-4FB2-9E0F-436E02C6A97A}"
EndProject
Project("{FAE04EC0-301F-11D3-BF4B-00C04F79EFBC}") = "HVR.Renderer.DX12", "HVR.Renderer.DX12\HVR.Renderer.DX12.csproj", "{B81820EE-1A5C-4F77-A5EB-E6FB0C3E6334}"
EndProject
Project("{FAE04EC0-301F-11D3-BF4B-00C04F79EFBC}") = "HVR.Common", "HVR.Common\HVR.Common.csproj", "{5576437F-2104-4B55-8740-3EC48FB3581B}"
EndProject
Project("{FAE04EC0-301F-11D3-BF4B-00C04F79EFBC}") = "HVR.SoundRenderer.DX12", "HVR.SoundRenderer.DX12\HVR.SoundRenderer.DX12.csproj", "{284901FC-357D-4291-ACC3-EAE8AB71BA2C}"
EndProject
Project("{FAE04EC0-301F-11D3-BF4B-00C04F79EFBC}") = "HVR.Editor", "HVR.Editor\HVR.Editor.csproj", "{DC3DE0AD-D9F5-4CB7-9CE7-EFDFFA8C63B8}"
EndProject
Global
	GlobalSection(SolutionConfigurationPlatforms) = preSolution
		Debug|Any CPU = Debug|Any CPU
		Release|Any CPU = Release|Any CPU
	EndGlobalSection
	GlobalSection(ProjectConfigurationPlatforms) = postSolution
		{DF8E15DE-FE4E-4FB2-9E0F-436E02C6A97A}.Debug|Any CPU.ActiveCfg = Debug|Any CPU
		{DF8E15DE-FE4E-4FB2-9E0F-436E02C6A97A}.Debug|Any CPU.Build.0 = Debug|Any CPU
		{DF8E15DE-FE4E-4FB2-9E0F-436E02C6A97A}.Release|Any CPU.ActiveCfg = Release|Any CPU
		{DF8E15DE-FE4E-4FB2-9E0F-436E02C6A97A}.Release|Any CPU.Build.0 = Release|Any CPU
		{B81820EE-1A5C-4F77-A5EB-E6FB0C3E6334}.Debug|Any CPU.ActiveCfg = Debug|Any CPU
		{B81820EE-1A5C-4F77-A5EB-E6FB0C3E6334}.Debug|Any CPU.Build.0 = Debug|Any CPU
		{B81820EE-1A5C-4F77-A5EB-E6FB0C3E6334}.Release|Any CPU.ActiveCfg = Release|Any CPU
		{B81820EE-1A5C-4F77-A5EB-E6FB0C3E6334}.Release|Any CPU.Build.0 = Release|Any CPU
		{5576437F-2104-4B55-8740-3EC48FB3581B}.Debug|Any CPU.ActiveCfg = Debug|Any CPU
		{5576437F-2104-4B55-8740-3EC48FB3581B}.Debug|Any CPU.Build.0 = Debug|Any CPU
		{5576437F-2104-4B55-8740-3EC48FB3581B}.Release|Any CPU.ActiveCfg = Release|Any CPU
		{5576437F-2104-4B55-8740-3EC48FB3581B}.Release|Any CPU.Build.0 = Release|Any CPU
		{284901FC-357D-4291-ACC3-EAE8AB71BA2C}.Debug|Any CPU.ActiveCfg = Debug|Any CPU
		{284901FC-357D-4291-ACC3-EAE8AB71BA2C}.Debug|Any CPU.Build.0 = Debug|Any CPU
		{284901FC-357D-4291-ACC3-EAE8AB71BA2C}.Release|Any CPU.ActiveCfg = Release|Any CPU
		{284901FC-357D-4291-ACC3-EAE8AB71BA2C}.Release|Any CPU.Build.0 = Release|Any CPU
		{DC3DE0AD-D9F5-4CB7-9CE7-EFDFFA8C63B8}.Debug|Any CPU.ActiveCfg = Debug|Any CPU
		{DC3DE0AD-D9F5-4CB7-9CE7-EFDFFA8C63B8}.Debug|Any CPU.Build.0 = Debug|Any CPU
		{DC3DE0AD-D9F5-4CB7-9CE7-EFDFFA8C63B8}.Release|Any CPU.ActiveCfg = Release|Any CPU
		{DC3DE0AD-D9F5-4CB7-9CE7-EFDFFA8C63B8}.Release|Any CPU.Build.0 = Release|Any CPU
	EndGlobalSection
	GlobalSection(SolutionProperties) = preSolution
		HideSolutionNode = FALSE
	EndGlobalSection
EndGlobal
